// !$*UTF8*$!
{
	archiveVersion = 1;
	classes = {
	};
	objectVersion = 50;
	objects = {

/* Begin PBXBuildFile section */
		74FEBB9620908F83001A74C4 /* Aisatsu.framework in Frameworks */ = {isa = PBXBuildFile; fileRef = 74FEBB8C20908F83001A74C4 /* Aisatsu.framework */; };
		74FEBB9B20908F83001A74C4 /* AisatsuTests.swift in Sources */ = {isa = PBXBuildFile; fileRef = 74FEBB9A20908F83001A74C4 /* AisatsuTests.swift */; };
		74FEBB9D20908F83001A74C4 /* Aisatsu.h in Headers */ = {isa = PBXBuildFile; fileRef = 74FEBB8F20908F83001A74C4 /* Aisatsu.h */; settings = {ATTRIBUTES = (Public, ); }; };
		74FEBBA7209090D9001A74C4 /* Aisatsu.swift in Sources */ = {isa = PBXBuildFile; fileRef = 74FEBBA6209090D9001A74C4 /* Aisatsu.swift */; };
/* End PBXBuildFile section */

/* Begin PBXContainerItemProxy section */
		74FEBB9720908F83001A74C4 /* PBXContainerItemProxy */ = {
			isa = PBXContainerItemProxy;
			containerPortal = 74FEBB8320908F83001A74C4 /* Project object */;
			proxyType = 1;
			remoteGlobalIDString = 74FEBB8B20908F83001A74C4;
			remoteInfo = Aisatsu;
		};
/* End PBXContainerItemProxy section */

/* Begin PBXFileReference section */
		74FEBB8C20908F83001A74C4 /* Aisatsu.framework */ = {isa = PBXFileReference; explicitFileType = wrapper.framework; includeInIndex = 0; path = Aisatsu.framework; sourceTree = BUILT_PRODUCTS_DIR; };
		74FEBB8F20908F83001A74C4 /* Aisatsu.h */ = {isa = PBXFileReference; lastKnownFileType = sourcecode.c.h; path = Aisatsu.h; sourceTree = "<group>"; };
		74FEBB9020908F83001A74C4 /* Info.plist */ = {isa = PBXFileReference; lastKnownFileType = text.plist.xml; path = Info.plist; sourceTree = "<group>"; };
		74FEBB9520908F83001A74C4 /* AisatsuTests.xctest */ = {isa = PBXFileReference; explicitFileType = wrapper.cfbundle; includeInIndex = 0; path = AisatsuTests.xctest; sourceTree = BUILT_PRODUCTS_DIR; };
		74FEBB9A20908F83001A74C4 /* AisatsuTests.swift */ = {isa = PBXFileReference; lastKnownFileType = sourcecode.swift; path = AisatsuTests.swift; sourceTree = "<group>"; };
		74FEBB9C20908F83001A74C4 /* Info.plist */ = {isa = PBXFileReference; lastKnownFileType = text.plist.xml; path = Info.plist; sourceTree = "<group>"; };
		74FEBBA6209090D9001A74C4 /* Aisatsu.swift */ = {isa = PBXFileReference; lastKnownFileType = sourcecode.swift; path = Aisatsu.swift; sourceTree = "<group>"; };
/* End PBXFileReference section */

/* Begin PBXFrameworksBuildPhase section */
		74FEBB8820908F83001A74C4 /* Frameworks */ = {
			isa = PBXFrameworksBuildPhase;
			buildActionMask = 2147483647;
			files = (
			);
			runOnlyForDeploymentPostprocessing = 0;
		};
		74FEBB9220908F83001A74C4 /* Frameworks */ = {
			isa = PBXFrameworksBuildPhase;
			buildActionMask = 2147483647;
			files = (
				74FEBB9620908F83001A74C4 /* Aisatsu.framework in Frameworks */,
			);
			runOnlyForDeploymentPostprocessing = 0;
		};
/* End PBXFrameworksBuildPhase section */

/* Begin PBXGroup section */
		74FEBB8220908F83001A74C4 = {
			isa = PBXGroup;
			children = (
				74FEBB8E20908F83001A74C4 /* Aisatsu */,
				74FEBB9920908F83001A74C4 /* AisatsuTests */,
				74FEBB8D20908F83001A74C4 /* Products */,
			);
			sourceTree = "<group>";
		};
		74FEBB8D20908F83001A74C4 /* Products */ = {
			isa = PBXGroup;
			children = (
				74FEBB8C20908F83001A74C4 /* Aisatsu.framework */,
				74FEBB9520908F83001A74C4 /* AisatsuTests.xctest */,
			);
			name = Products;
			sourceTree = "<group>";
		};
		74FEBB8E20908F83001A74C4 /* Aisatsu */ = {
			isa = PBXGroup;
			children = (
				74FEBB8F20908F83001A74C4 /* Aisatsu.h */,
				74FEBBA6209090D9001A74C4 /* Aisatsu.swift */,
				74FEBB9020908F83001A74C4 /* Info.plist */,
			);
			path = Aisatsu;
			sourceTree = "<group>";
		};
		74FEBB9920908F83001A74C4 /* AisatsuTests */ = {
			isa = PBXGroup;
			children = (
				74FEBB9A20908F83001A74C4 /* AisatsuTests.swift */,
				74FEBB9C20908F83001A74C4 /* Info.plist */,
			);
			path = AisatsuTests;
			sourceTree = "<group>";
		};
/* End PBXGroup section */

/* Begin PBXHeadersBuildPhase section */
		74FEBB8920908F83001A74C4 /* Headers */ = {
			isa = PBXHeadersBuildPhase;
			buildActionMask = 2147483647;
			files = (
				74FEBB9D20908F83001A74C4 /* Aisatsu.h in Headers */,
			);
			runOnlyForDeploymentPostprocessing = 0;
		};
/* End PBXHeadersBuildPhase section */

/* Begin PBXNativeTarget section */
		74FEBB8B20908F83001A74C4 /* Aisatsu */ = {
			isa = PBXNativeTarget;
			buildConfigurationList = 74FEBBA020908F83001A74C4 /* Build configuration list for PBXNativeTarget "Aisatsu" */;
			buildPhases = (
				74FEBB8720908F83001A74C4 /* Sources */,
				74FEBB8820908F83001A74C4 /* Frameworks */,
				74FEBB8920908F83001A74C4 /* Headers */,
				74FEBB8A20908F83001A74C4 /* Resources */,
			);
			buildRules = (
			);
			dependencies = (
			);
			name = Aisatsu;
			productName = Aisatsu;
			productReference = 74FEBB8C20908F83001A74C4 /* Aisatsu.framework */;
			productType = "com.apple.product-type.framework";
		};
		74FEBB9420908F83001A74C4 /* AisatsuTests */ = {
			isa = PBXNativeTarget;
			buildConfigurationList = 74FEBBA320908F83001A74C4 /* Build configuration list for PBXNativeTarget "AisatsuTests" */;
			buildPhases = (
				74FEBB9120908F83001A74C4 /* Sources */,
				74FEBB9220908F83001A74C4 /* Frameworks */,
				74FEBB9320908F83001A74C4 /* Resources */,
			);
			buildRules = (
			);
			dependencies = (
				74FEBB9820908F83001A74C4 /* PBXTargetDependency */,
			);
			name = AisatsuTests;
			productName = AisatsuTests;
			productReference = 74FEBB9520908F83001A74C4 /* AisatsuTests.xctest */;
			productType = "com.apple.product-type.bundle.unit-test";
		};
/* End PBXNativeTarget section */

/* Begin PBXProject section */
		74FEBB8320908F83001A74C4 /* Project object */ = {
			isa = PBXProject;
			attributes = {
				LastSwiftUpdateCheck = 0930;
				LastUpgradeCheck = 0930;
				ORGANIZATIONNAME = "佐藤秀輔";
				TargetAttributes = {
					74FEBB8B20908F83001A74C4 = {
						CreatedOnToolsVersion = 9.3;
						LastSwiftMigration = 0930;
					};
					74FEBB9420908F83001A74C4 = {
						CreatedOnToolsVersion = 9.3;
					};
				};
			};
			buildConfigurationList = 74FEBB8620908F83001A74C4 /* Build configuration list for PBXProject "Aisatsu" */;
			compatibilityVersion = "Xcode 9.3";
			developmentRegion = en;
			hasScannedForEncodings = 0;
			knownRegions = (
				en,
			);
			mainGroup = 74FEBB8220908F83001A74C4;
			productRefGroup = 74FEBB8D20908F83001A74C4 /* Products */;
			projectDirPath = "";
			projectRoot = "";
			targets = (
				74FEBB8B20908F83001A74C4 /* Aisatsu */,
				74FEBB9420908F83001A74C4 /* AisatsuTests */,
			);
		};
/* End PBXProject section */

/* Begin PBXResourcesBuildPhase section */
		74FEBB8A20908F83001A74C4 /* Resources */ = {
			isa = PBXResourcesBuildPhase;
			buildActionMask = 2147483647;
			files = (
			);
			runOnlyForDeploymentPostprocessing = 0;
		};
		74FEBB9320908F83001A74C4 /* Resources */ = {
			isa = PBXResourcesBuildPhase;
			buildActionMask = 2147483647;
			files = (
			);
			runOnlyForDeploymentPostprocessing = 0;
		};
/* End PBXResourcesBuildPhase section */

/* Begin PBXSourcesBuildPhase section */
		74FEBB8720908F83001A74C4 /* Sources */ = {
			isa = PBXSourcesBuildPhase;
			buildActionMask = 2147483647;
			files = (
				74FEBBA7209090D9001A74C4 /* Aisatsu.swift in Sources */,
			);
			runOnlyForDeploymentPostprocessing = 0;
		};
		74FEBB9120908F83001A74C4 /* Sources */ = {
			isa = PBXSourcesBuildPhase;
			buildActionMask = 2147483647;
			files = (
				74FEBB9B20908F83001A74C4 /* AisatsuTests.swift in Sources */,
			);
			runOnlyForDeploymentPostprocessing = 0;
		};
/* End PBXSourcesBuildPhase section */

/* Begin PBXTargetDependency section */
		74FEBB9820908F83001A74C4 /* PBXTargetDependency */ = {
			isa = PBXTargetDependency;
			target = 74FEBB8B20908F83001A74C4 /* Aisatsu */;
			targetProxy = 74FEBB9720908F83001A74C4 /* PBXContainerItemProxy */;
		};
/* End PBXTargetDependency section */

/* Begin XCBuildConfiguration section */
		74FEBB9E20908F83001A74C4 /* Debug */ = {
			isa = XCBuildConfiguration;
			buildSettings = {
				ALWAYS_SEARCH_USER_PATHS = NO;
				CLANG_ANALYZER_NONNULL = YES;
				CLANG_ANALYZER_NUMBER_OBJECT_CONVERSION = YES_AGGRESSIVE;
				CLANG_CXX_LANGUAGE_STANDARD = "gnu++14";
				CLANG_CXX_LIBRARY = "libc++";
				CLANG_ENABLE_MODULES = YES;
				CLANG_ENABLE_OBJC_ARC = YES;
				CLANG_ENABLE_OBJC_WEAK = YES;
				CLANG_WARN_BLOCK_CAPTURE_AUTORELEASING = YES;
				CLANG_WARN_BOOL_CONVERSION = YES;
				CLANG_WARN_COMMA = YES;
				CLANG_WARN_CONSTANT_CONVERSION = YES;
				CLANG_WARN_DEPRECATED_OBJC_IMPLEMENTATIONS = YES;
				CLANG_WARN_DIRECT_OBJC_ISA_USAGE = YES_ERROR;
				CLANG_WARN_DOCUMENTATION_COMMENTS = YES;
				CLANG_WARN_EMPTY_BODY = YES;
				CLANG_WARN_ENUM_CONVERSION = YES;
				CLANG_WARN_INFINITE_RECURSION = YES;
				CLANG_WARN_INT_CONVERSION = YES;
				CLANG_WARN_NON_LITERAL_NULL_CONVERSION = YES;
				CLANG_WARN_OBJC_IMPLICIT_RETAIN_SELF = YES;
				CLANG_WARN_OBJC_LITERAL_CONVERSION = YES;
				CLANG_WARN_OBJC_ROOT_CLASS = YES_ERROR;
				CLANG_WARN_RANGE_LOOP_ANALYSIS = YES;
				CLANG_WARN_STRICT_PROTOTYPES = YES;
				CLANG_WARN_SUSPICIOUS_MOVE = YES;
				CLANG_WARN_UNGUARDED_AVAILABILITY = YES_AGGRESSIVE;
				CLANG_WARN_UNREACHABLE_CODE = YES;
				CLANG_WARN__DUPLICATE_METHOD_MATCH = YES;
				CODE_SIGN_IDENTITY = "iPhone Developer";
				COPY_PHASE_STRIP = NO;
				CURRENT_PROJECT_VERSION = 1;
				DEBUG_INFORMATION_FORMAT = dwarf;
				ENABLE_STRICT_OBJC_MSGSEND = YES;
				ENABLE_TESTABILITY = YES;
				GCC_C_LANGUAGE_STANDARD = gnu11;
				GCC_DYNAMIC_NO_PIC = NO;
				GCC_NO_COMMON_BLOCKS = YES;
				GCC_OPTIMIZATION_LEVEL = 0;
				GCC_PREPROCESSOR_DEFINITIONS = (
					"DEBUG=1",
					"$(inherited)",
				);
				GCC_WARN_64_TO_32_BIT_CONVERSION = YES;
				GCC_WARN_ABOUT_RETURN_TYPE = YES_ERROR;
				GCC_WARN_UNDECLARED_SELECTOR = YES;
				GCC_WARN_UNINITIALIZED_AUTOS = YES_AGGRESSIVE;
				GCC_WARN_UNUSED_FUNCTION = YES;
				GCC_WARN_UNUSED_VARIABLE = YES;
				IPHONEOS_DEPLOYMENT_TARGET = 11.3;
				MTL_ENABLE_DEBUG_INFO = YES;
				ONLY_ACTIVE_ARCH = YES;
				SDKROOT = iphoneos;
				SWIFT_ACTIVE_COMPILATION_CONDITIONS = DEBUG;
				SWIFT_OPTIMIZATION_LEVEL = "-Onone";
				VERSIONING_SYSTEM = "apple-generic";
				VERSION_INFO_PREFIX = "";
			};
			name = Debug;
		};
		74FEBB9F20908F83001A74C4 /* Release */ = {
			isa = XCBuildConfiguration;
			buildSettings = {
				ALWAYS_SEARCH_USER_PATHS = NO;
				CLANG_ANALYZER_NONNULL = YES;
				CLANG_ANALYZER_NUMBER_OBJECT_CONVERSION = YES_AGGRESSIVE;
				CLANG_CXX_LANGUAGE_STANDARD = "gnu++14";
				CLANG_CXX_LIBRARY = "libc++";
				CLANG_ENABLE_MODULES = YES;
				CLANG_ENABLE_OBJC_ARC = YES;
				CLANG_ENABLE_OBJC_WEAK = YES;
				CLANG_WARN_BLOCK_CAPTURE_AUTORELEASING = YES;
				CLANG_WARN_BOOL_CONVERSION = YES;
				CLANG_WARN_COMMA = YES;
				CLANG_WARN_CONSTANT_CONVERSION = YES;
				CLANG_WARN_DEPRECATED_OBJC_IMPLEMENTATIONS = YES;
				CLANG_WARN_DIRECT_OBJC_ISA_USAGE = YES_ERROR;
				CLANG_WARN_DOCUMENTATION_COMMENTS = YES;
				CLANG_WARN_EMPTY_BODY = YES;
				CLANG_WARN_ENUM_CONVERSION = YES;
				CLANG_WARN_INFINITE_RECURSION = YES;
				CLANG_WARN_INT_CONVERSION = YES;
				CLANG_WARN_NON_LITERAL_NULL_CONVERSION = YES;
				CLANG_WARN_OBJC_IMPLICIT_RETAIN_SELF = YES;
				CLANG_WARN_OBJC_LITERAL_CONVERSION = YES;
				CLANG_WARN_OBJC_ROOT_CLASS = YES_ERROR;
				CLANG_WARN_RANGE_LOOP_ANALYSIS = YES;
				CLANG_WARN_STRICT_PROTOTYPES = YES;
				CLANG_WARN_SUSPICIOUS_MOVE = YES;
				CLANG_WARN_UNGUARDED_AVAILABILITY = YES_AGGRESSIVE;
				CLANG_WARN_UNREACHABLE_CODE = YES;
				CLANG_WARN__DUPLICATE_METHOD_MATCH = YES;
				CODE_SIGN_IDENTITY = "iPhone Developer";
				COPY_PHASE_STRIP = NO;
				CURRENT_PROJECT_VERSION = 1;
				DEBUG_INFORMATION_FORMAT = "dwarf-with-dsym";
				ENABLE_NS_ASSERTIONS = NO;
				ENABLE_STRICT_OBJC_MSGSEND = YES;
				GCC_C_LANGUAGE_STANDARD = gnu11;
				GCC_NO_COMMON_BLOCKS = YES;
				GCC_WARN_64_TO_32_BIT_CONVERSION = YES;
				GCC_WARN_ABOUT_RETURN_TYPE = YES_ERROR;
				GCC_WARN_UNDECLARED_SELECTOR = YES;
				GCC_WARN_UNINITIALIZED_AUTOS = YES_AGGRESSIVE;
				GCC_WARN_UNUSED_FUNCTION = YES;
				GCC_WARN_UNUSED_VARIABLE = YES;
				IPHONEOS_DEPLOYMENT_TARGET = 11.3;
				MTL_ENABLE_DEBUG_INFO = NO;
				SDKROOT = iphoneos;
				SWIFT_COMPILATION_MODE = wholemodule;
				SWIFT_OPTIMIZATION_LEVEL = "-O";
				VALIDATE_PRODUCT = YES;
				VERSIONING_SYSTEM = "apple-generic";
				VERSION_INFO_PREFIX = "";
			};
			name = Release;
		};
		74FEBBA120908F83001A74C4 /* Debug */ = {
			isa = XCBuildConfiguration;
			buildSettings = {
				CLANG_ENABLE_MODULES = YES;
				CODE_SIGN_IDENTITY = "";
				CODE_SIGN_STYLE = Automatic;
				DEFINES_MODULE = YES;
				DEVELOPMENT_TEAM = 74E88WDMAH;
				DYLIB_COMPATIBILITY_VERSION = 1;
				DYLIB_CURRENT_VERSION = 1;
				DYLIB_INSTALL_NAME_BASE = "@rpath";
				INFOPLIST_FILE = Aisatsu/Info.plist;
				INSTALL_PATH = "$(LOCAL_LIBRARY_DIR)/Frameworks";
				LD_RUNPATH_SEARCH_PATHS = (
					"$(inherited)",
					"@executable_path/Frameworks",
					"@loader_path/Frameworks",
				);
				PRODUCT_BUNDLE_IDENTIFIER = io.github.sattotto.Aisatsu;
				PRODUCT_NAME = "$(TARGET_NAME:c99extidentifier)";
				SKIP_INSTALL = YES;
				SWIFT_OPTIMIZATION_LEVEL = "-Onone";
				SWIFT_VERSION = 4.0;
				TARGETED_DEVICE_FAMILY = "1,2";
			};
			name = Debug;
		};
		74FEBBA220908F83001A74C4 /* Release */ = {
			isa = XCBuildConfiguration;
			buildSettings = {
				CLANG_ENABLE_MODULES = YES;
				CODE_SIGN_IDENTITY = "";
				CODE_SIGN_STYLE = Automatic;
				DEFINES_MODULE = YES;
				DEVELOPMENT_TEAM = 74E88WDMAH;
				DYLIB_COMPATIBILITY_VERSION = 1;
				DYLIB_CURRENT_VERSION = 1;
				DYLIB_INSTALL_NAME_BASE = "@rpath";
				INFOPLIST_FILE = Aisatsu/Info.plist;
				INSTALL_PATH = "$(LOCAL_LIBRARY_DIR)/Frameworks";
				LD_RUNPATH_SEARCH_PATHS = (
					"$(inherited)",
					"@executable_path/Frameworks",
					"@loader_path/Frameworks",
				);
				PRODUCT_BUNDLE_IDENTIFIER = io.github.sattotto.Aisatsu;
				PRODUCT_NAME = "$(TARGET_NAME:c99extidentifier)";
				SKIP_INSTALL = YES;
				SWIFT_VERSION = 4.0;
				TARGETED_DEVICE_FAMILY = "1,2";
			};
			name = Release;
		};
		74FEBBA420908F83001A74C4 /* Debug */ = {
			isa = XCBuildConfiguration;
			buildSettings = {
				ALWAYS_EMBED_SWIFT_STANDARD_LIBRARIES = YES;
				CODE_SIGN_STYLE = Automatic;
				DEVELOPMENT_TEAM = 74E88WDMAH;
				INFOPLIST_FILE = AisatsuTests/Info.plist;
				LD_RUNPATH_SEARCH_PATHS = (
					"$(inherited)",
					"@executable_path/Frameworks",
					"@loader_path/Frameworks",
				);
				PRODUCT_BUNDLE_IDENTIFIER = io.github.sattotto.AisatsuTests;
				PRODUCT_NAME = "$(TARGET_NAME)";
				SWIFT_VERSION = 4.0;
				TARGETED_DEVICE_FAMILY = "1,2";
			};
			name = Debug;
		};
		74FEBBA520908F83001A74C4 /* Release */ = {
			isa = XCBuildConfiguration;
			buildSettings = {
				ALWAYS_EMBED_SWIFT_STANDARD_LIBRARIES = YES;
				CODE_SIGN_STYLE = Automatic;
				DEVELOPMENT_TEAM = 74E88WDMAH;
				INFOPLIST_FILE = AisatsuTests/Info.plist;
				LD_RUNPATH_SEARCH_PATHS = (
					"$(inherited)",
					"@executable_path/Frameworks",
					"@loader_path/Frameworks",
				);
				PRODUCT_BUNDLE_IDENTIFIER = io.github.sattotto.AisatsuTests;
				PRODUCT_NAME = "$(TARGET_NAME)";
				SWIFT_VERSION = 4.0;
				TARGETED_DEVICE_FAMILY = "1,2";
			};
			name = Release;
		};
/* End XCBuildConfiguration section */

/* Begin XCConfigurationList section */
		74FEBB8620908F83001A74C4 /* Build configuration list for PBXProject "Aisatsu" */ = {
			isa = XCConfigurationList;
			buildConfigurations = (
				74FEBB9E20908F83001A74C4 /* Debug */,
				74FEBB9F20908F83001A74C4 /* Release */,
			);
			defaultConfigurationIsVisible = 0;
			defaultConfigurationName = Release;
		};
		74FEBBA020908F83001A74C4 /* Build configuration list for PBXNativeTarget "Aisatsu" */ = {
			isa = XCConfigurationList;
			buildConfigurations = (
				74FEBBA120908F83001A74C4 /* Debug */,
				74FEBBA220908F83001A74C4 /* Release */,
			);
			defaultConfigurationIsVisible = 0;
			defaultConfigurationName = Release;
		};
		74FEBBA320908F83001A74C4 /* Build configuration list for PBXNativeTarget "AisatsuTests" */ = {
			isa = XCConfigurationList;
			buildConfigurations = (
				74FEBBA420908F83001A74C4 /* Debug */,
				74FEBBA520908F83001A74C4 /* Release */,
			);
			defaultConfigurationIsVisible = 0;
			defaultConfigurationName = Release;
		};
/* End XCConfigurationList section */
	};
	rootObject = 74FEBB8320908F83001A74C4 /* Project object */;
}
